
Microsoft Visual Studio Solution File, Format Version 12.00
# Visual Studio Version 17
VisualStudioVersion = 17.5.33424.131
MinimumVisualStudioVersion = 10.0.40219.1
Project("{FAE04EC0-301F-11D3-BF4B-00C04F79EFBC}") = "PE11Part1_Reester", "PE11Part1_Reester.csproj", "{4BB5B8CF-DEAC-4D92-9981-154F53C8822A}"
EndProject
Global
	GlobalSection(SolutionConfigurationPlatforms) = preSolution
		Debug|Any CPU = Debug|Any CPU
		Release|Any CPU = Release|Any CPU
	EndGlobalSection
	GlobalSection(ProjectConfigurationPlatforms) = postSolution
		{4BB5B8CF-DEAC-4D92-9981-154F53C8822A}.Debug|Any CPU.ActiveCfg = Debug|Any CPU
		{4BB5B8CF-DEAC-4D92-9981-154F53C8822A}.Debug|Any CPU.Build.0 = Debug|Any CPU
		{4BB5B8CF-DEAC-4D92-9981-154F53C8822A}.Release|Any CPU.ActiveCfg = Release|Any CPU
		{4BB5B8CF-DEAC-4D92-9981-154F53C8822A}.Release|Any CPU.Build.0 = Release|Any CPU
	EndGlobalSection
	GlobalSection(SolutionProperties) = preSolution
		HideSolutionNode = FALSE
	EndGlobalSection
	GlobalSection(ExtensibilityGlobals) = postSolution
		SolutionGuid = {2E1CE2C7-E7DD-4110-BC7F-65C2EA86377A}
	EndGlobalSection
EndGlobal
