
Microsoft Visual Studio Solution File, Format Version 12.00
# Visual Studio Version 17
VisualStudioVersion = 17.4.33213.308
MinimumVisualStudioVersion = 10.0.40219.1
Project("{FAE04EC0-301F-11D3-BF4B-00C04F79EFBC}") = "pe3part1", "pe3part1.csproj", "{80316BD8-F0FE-4D61-80E6-400EE3E32F76}"
EndProject
Global
	GlobalSection(SolutionConfigurationPlatforms) = preSolution
		Debug|Any CPU = Debug|Any CPU
		Release|Any CPU = Release|Any CPU
	EndGlobalSection
	GlobalSection(ProjectConfigurationPlatforms) = postSolution
		{80316BD8-F0FE-4D61-80E6-400EE3E32F76}.Debug|Any CPU.ActiveCfg = Debug|Any CPU
		{80316BD8-F0FE-4D61-80E6-400EE3E32F76}.Debug|Any CPU.Build.0 = Debug|Any CPU
		{80316BD8-F0FE-4D61-80E6-400EE3E32F76}.Release|Any CPU.ActiveCfg = Release|Any CPU
		{80316BD8-F0FE-4D61-80E6-400EE3E32F76}.Release|Any CPU.Build.0 = Release|Any CPU
	EndGlobalSection
	GlobalSection(SolutionProperties) = preSolution
		HideSolutionNode = FALSE
	EndGlobalSection
	GlobalSection(ExtensibilityGlobals) = postSolution
		SolutionGuid = {C113B7A0-5D2B-44E7-9B1A-710DB213A030}
	EndGlobalSection
EndGlobal
