
Microsoft Visual Studio Solution File, Format Version 12.00
# Visual Studio Version 17
VisualStudioVersion = 17.5.33424.131
MinimumVisualStudioVersion = 10.0.40219.1
Project("{FAE04EC0-301F-11D3-BF4B-00C04F79EFBC}") = "FinalQ3_Reester", "FinalQ3_Reester.csproj", "{672FD0CC-52C1-4095-BCDF-FE2C0A943F9A}"
EndProject
Global
	GlobalSection(SolutionConfigurationPlatforms) = preSolution
		Debug|Any CPU = Debug|Any CPU
		Release|Any CPU = Release|Any CPU
	EndGlobalSection
	GlobalSection(ProjectConfigurationPlatforms) = postSolution
		{672FD0CC-52C1-4095-BCDF-FE2C0A943F9A}.Debug|Any CPU.ActiveCfg = Debug|Any CPU
		{672FD0CC-52C1-4095-BCDF-FE2C0A943F9A}.Debug|Any CPU.Build.0 = Debug|Any CPU
		{672FD0CC-52C1-4095-BCDF-FE2C0A943F9A}.Release|Any CPU.ActiveCfg = Release|Any CPU
		{672FD0CC-52C1-4095-BCDF-FE2C0A943F9A}.Release|Any CPU.Build.0 = Release|Any CPU
	EndGlobalSection
	GlobalSection(SolutionProperties) = preSolution
		HideSolutionNode = FALSE
	EndGlobalSection
	GlobalSection(ExtensibilityGlobals) = postSolution
		SolutionGuid = {0ED46834-F915-420A-9C68-9C6FBE55D015}
	EndGlobalSection
EndGlobal
