
Microsoft Visual Studio Solution File, Format Version 12.00
# Visual Studio Version 17
VisualStudioVersion = 17.5.33424.131
MinimumVisualStudioVersion = 10.0.40219.1
Project("{FAE04EC0-301F-11D3-BF4B-00C04F79EFBC}") = "UnitTest3Question3_Reester", "UnitTest3Question3_Reester.csproj", "{94CEEE88-9258-46C0-9874-521690504497}"
EndProject
Global
	GlobalSection(SolutionConfigurationPlatforms) = preSolution
		Debug|Any CPU = Debug|Any CPU
		Release|Any CPU = Release|Any CPU
	EndGlobalSection
	GlobalSection(ProjectConfigurationPlatforms) = postSolution
		{94CEEE88-9258-46C0-9874-521690504497}.Debug|Any CPU.ActiveCfg = Debug|Any CPU
		{94CEEE88-9258-46C0-9874-521690504497}.Debug|Any CPU.Build.0 = Debug|Any CPU
		{94CEEE88-9258-46C0-9874-521690504497}.Release|Any CPU.ActiveCfg = Release|Any CPU
		{94CEEE88-9258-46C0-9874-521690504497}.Release|Any CPU.Build.0 = Release|Any CPU
	EndGlobalSection
	GlobalSection(SolutionProperties) = preSolution
		HideSolutionNode = FALSE
	EndGlobalSection
	GlobalSection(ExtensibilityGlobals) = postSolution
		SolutionGuid = {B50DD783-B710-4033-8A43-9E0F9AD2C344}
	EndGlobalSection
EndGlobal
