
Microsoft Visual Studio Solution File, Format Version 12.00
# Visual Studio Version 17
VisualStudioVersion = 17.4.33403.182
MinimumVisualStudioVersion = 10.0.40219.1
Project("{FAE04EC0-301F-11D3-BF4B-00C04F79EFBC}") = "UnitTest1Part7_Reester", "UnitTest1Part7_Reester.csproj", "{833466F9-AA9C-45BB-91A1-96557D2CFFB4}"
EndProject
Global
	GlobalSection(SolutionConfigurationPlatforms) = preSolution
		Debug|Any CPU = Debug|Any CPU
		Release|Any CPU = Release|Any CPU
	EndGlobalSection
	GlobalSection(ProjectConfigurationPlatforms) = postSolution
		{833466F9-AA9C-45BB-91A1-96557D2CFFB4}.Debug|Any CPU.ActiveCfg = Debug|Any CPU
		{833466F9-AA9C-45BB-91A1-96557D2CFFB4}.Debug|Any CPU.Build.0 = Debug|Any CPU
		{833466F9-AA9C-45BB-91A1-96557D2CFFB4}.Release|Any CPU.ActiveCfg = Release|Any CPU
		{833466F9-AA9C-45BB-91A1-96557D2CFFB4}.Release|Any CPU.Build.0 = Release|Any CPU
	EndGlobalSection
	GlobalSection(SolutionProperties) = preSolution
		HideSolutionNode = FALSE
	EndGlobalSection
	GlobalSection(ExtensibilityGlobals) = postSolution
		SolutionGuid = {9AAC7F37-5CB5-4249-B93F-8C6F629A964D}
	EndGlobalSection
EndGlobal
