
Microsoft Visual Studio Solution File, Format Version 12.00
# Visual Studio Version 17
VisualStudioVersion = 17.4.33213.308
MinimumVisualStudioVersion = 10.0.40219.1
Project("{FAE04EC0-301F-11D3-BF4B-00C04F79EFBC}") = "pe8part2", "pe8part2.csproj", "{9E11C0A6-82CD-441D-BCFA-869C8703ABC2}"
EndProject
Global
	GlobalSection(SolutionConfigurationPlatforms) = preSolution
		Debug|Any CPU = Debug|Any CPU
		Release|Any CPU = Release|Any CPU
	EndGlobalSection
	GlobalSection(ProjectConfigurationPlatforms) = postSolution
		{9E11C0A6-82CD-441D-BCFA-869C8703ABC2}.Debug|Any CPU.ActiveCfg = Debug|Any CPU
		{9E11C0A6-82CD-441D-BCFA-869C8703ABC2}.Debug|Any CPU.Build.0 = Debug|Any CPU
		{9E11C0A6-82CD-441D-BCFA-869C8703ABC2}.Release|Any CPU.ActiveCfg = Release|Any CPU
		{9E11C0A6-82CD-441D-BCFA-869C8703ABC2}.Release|Any CPU.Build.0 = Release|Any CPU
	EndGlobalSection
	GlobalSection(SolutionProperties) = preSolution
		HideSolutionNode = FALSE
	EndGlobalSection
	GlobalSection(ExtensibilityGlobals) = postSolution
		SolutionGuid = {366D44E6-8293-469A-BB45-3D7CB1B89623}
	EndGlobalSection
EndGlobal
