
Microsoft Visual Studio Solution File, Format Version 12.00
# Visual Studio Version 17
VisualStudioVersion = 17.4.33403.182
MinimumVisualStudioVersion = 10.0.40219.1
Project("{FAE04EC0-301F-11D3-BF4B-00C04F79EFBC}") = "UnitTest1Part4_Reester", "UnitTest1Part4_Reester.csproj", "{557FD78C-D24A-466A-8C11-2BA409452A4E}"
EndProject
Global
	GlobalSection(SolutionConfigurationPlatforms) = preSolution
		Debug|Any CPU = Debug|Any CPU
		Release|Any CPU = Release|Any CPU
	EndGlobalSection
	GlobalSection(ProjectConfigurationPlatforms) = postSolution
		{557FD78C-D24A-466A-8C11-2BA409452A4E}.Debug|Any CPU.ActiveCfg = Debug|Any CPU
		{557FD78C-D24A-466A-8C11-2BA409452A4E}.Debug|Any CPU.Build.0 = Debug|Any CPU
		{557FD78C-D24A-466A-8C11-2BA409452A4E}.Release|Any CPU.ActiveCfg = Release|Any CPU
		{557FD78C-D24A-466A-8C11-2BA409452A4E}.Release|Any CPU.Build.0 = Release|Any CPU
	EndGlobalSection
	GlobalSection(SolutionProperties) = preSolution
		HideSolutionNode = FALSE
	EndGlobalSection
	GlobalSection(ExtensibilityGlobals) = postSolution
		SolutionGuid = {B98EC9C4-E659-47B7-AC55-3BCD099CA5FD}
	EndGlobalSection
EndGlobal
